
Microsoft Visual Studio Solution File, Format Version 12.00
# Visual Studio Version 17
VisualStudioVersion = 17.9.34728.123
MinimumVisualStudioVersion = 10.0.40219.1
Project("{FAE04EC0-301F-11D3-BF4B-00C04F79EFBC}") = "ProjectWinter", "ProjectWinter\ProjectWinter.csproj", "{224868B6-661C-4576-8196-FC5A1F0D7E91}"
EndProject
Project("{C7167F0D-BC9F-4E6E-AFE1-012C56B48DB5}") = "WinterPackage", "WinterPackage\WinterPackage.wapproj", "{DD3D3200-0227-49F1-B65C-C8D7CBE74689}"
EndProject
Project("{54435603-DBB4-11D2-8724-00A0C9A8B90C}") = "WinterInstaller", "WinterInstaller\WinterInstaller.vdproj", "{A264DACC-DE8D-4580-969D-E48067D1F7A0}"
EndProject
Global
	GlobalSection(SolutionConfigurationPlatforms) = preSolution
		Debug|Any CPU = Debug|Any CPU
		Debug|ARM = Debug|ARM
		Debug|ARM64 = Debug|ARM64
		Debug|x64 = Debug|x64
		Debug|x86 = Debug|x86
		Release|Any CPU = Release|Any CPU
		Release|ARM = Release|ARM
		Release|ARM64 = Release|ARM64
		Release|x64 = Release|x64
		Release|x86 = Release|x86
	EndGlobalSection
	GlobalSection(ProjectConfigurationPlatforms) = postSolution
		{224868B6-661C-4576-8196-FC5A1F0D7E91}.Debug|Any CPU.ActiveCfg = Debug|Any CPU
		{224868B6-661C-4576-8196-FC5A1F0D7E91}.Debug|Any CPU.Build.0 = Debug|Any CPU
		{224868B6-661C-4576-8196-FC5A1F0D7E91}.Debug|ARM.ActiveCfg = Debug|Any CPU
		{224868B6-661C-4576-8196-FC5A1F0D7E91}.Debug|ARM.Build.0 = Debug|Any CPU
		{224868B6-661C-4576-8196-FC5A1F0D7E91}.Debug|ARM64.ActiveCfg = Debug|Any CPU
		{224868B6-661C-4576-8196-FC5A1F0D7E91}.Debug|ARM64.Build.0 = Debug|Any CPU
		{224868B6-661C-4576-8196-FC5A1F0D7E91}.Debug|x64.ActiveCfg = Debug|x64
		{224868B6-661C-4576-8196-FC5A1F0D7E91}.Debug|x64.Build.0 = Debug|x64
		{224868B6-661C-4576-8196-FC5A1F0D7E91}.Debug|x86.ActiveCfg = Debug|Any CPU
		{224868B6-661C-4576-8196-FC5A1F0D7E91}.Debug|x86.Build.0 = Debug|Any CPU
		{224868B6-661C-4576-8196-FC5A1F0D7E91}.Release|Any CPU.ActiveCfg = Release|Any CPU
		{224868B6-661C-4576-8196-FC5A1F0D7E91}.Release|Any CPU.Build.0 = Release|Any CPU
		{224868B6-661C-4576-8196-FC5A1F0D7E91}.Release|ARM.ActiveCfg = Release|Any CPU
		{224868B6-661C-4576-8196-FC5A1F0D7E91}.Release|ARM.Build.0 = Release|Any CPU
		{224868B6-661C-4576-8196-FC5A1F0D7E91}.Release|ARM64.ActiveCfg = Release|Any CPU
		{224868B6-661C-4576-8196-FC5A1F0D7E91}.Release|ARM64.Build.0 = Release|Any CPU
		{224868B6-661C-4576-8196-FC5A1F0D7E91}.Release|x64.ActiveCfg = Release|Any CPU
		{224868B6-661C-4576-8196-FC5A1F0D7E91}.Release|x64.Build.0 = Release|Any CPU
		{224868B6-661C-4576-8196-FC5A1F0D7E91}.Release|x86.ActiveCfg = Release|Any CPU
		{224868B6-661C-4576-8196-FC5A1F0D7E91}.Release|x86.Build.0 = Release|Any CPU
		{DD3D3200-0227-49F1-B65C-C8D7CBE74689}.Debug|Any CPU.ActiveCfg = Debug|Any CPU
		{DD3D3200-0227-49F1-B65C-C8D7CBE74689}.Debug|Any CPU.Build.0 = Debug|Any CPU
		{DD3D3200-0227-49F1-B65C-C8D7CBE74689}.Debug|Any CPU.Deploy.0 = Debug|Any CPU
		{DD3D3200-0227-49F1-B65C-C8D7CBE74689}.Debug|ARM.ActiveCfg = Debug|ARM
		{DD3D3200-0227-49F1-B65C-C8D7CBE74689}.Debug|ARM.Build.0 = Debug|ARM
		{DD3D3200-0227-49F1-B65C-C8D7CBE74689}.Debug|ARM.Deploy.0 = Debug|ARM
		{DD3D3200-0227-49F1-B65C-C8D7CBE74689}.Debug|ARM64.ActiveCfg = Debug|ARM64
		{DD3D3200-0227-49F1-B65C-C8D7CBE74689}.Debug|ARM64.Build.0 = Debug|ARM64
		{DD3D3200-0227-49F1-B65C-C8D7CBE74689}.Debug|ARM64.Deploy.0 = Debug|ARM64
		{DD3D3200-0227-49F1-B65C-C8D7CBE74689}.Debug|x64.ActiveCfg = Debug|Any CPU
		{DD3D3200-0227-49F1-B65C-C8D7CBE74689}.Debug|x64.Build.0 = Debug|Any CPU
		{DD3D3200-0227-49F1-B65C-C8D7CBE74689}.Debug|x64.Deploy.0 = Debug|Any CPU
		{DD3D3200-0227-49F1-B65C-C8D7CBE74689}.Debug|x86.ActiveCfg = Debug|x86
		{DD3D3200-0227-49F1-B65C-C8D7CBE74689}.Debug|x86.Build.0 = Debug|x86
		{DD3D3200-0227-49F1-B65C-C8D7CBE74689}.Debug|x86.Deploy.0 = Debug|x86
		{DD3D3200-0227-49F1-B65C-C8D7CBE74689}.Release|Any CPU.ActiveCfg = Release|Any CPU
		{DD3D3200-0227-49F1-B65C-C8D7CBE74689}.Release|Any CPU.Build.0 = Release|Any CPU
		{DD3D3200-0227-49F1-B65C-C8D7CBE74689}.Release|Any CPU.Deploy.0 = Release|Any CPU
		{DD3D3200-0227-49F1-B65C-C8D7CBE74689}.Release|ARM.ActiveCfg = Release|ARM
		{DD3D3200-0227-49F1-B65C-C8D7CBE74689}.Release|ARM.Build.0 = Release|ARM
		{DD3D3200-0227-49F1-B65C-C8D7CBE74689}.Release|ARM.Deploy.0 = Release|ARM
		{DD3D3200-0227-49F1-B65C-C8D7CBE74689}.Release|ARM64.ActiveCfg = Release|ARM64
		{DD3D3200-0227-49F1-B65C-C8D7CBE74689}.Release|ARM64.Build.0 = Release|ARM64
		{DD3D3200-0227-49F1-B65C-C8D7CBE74689}.Release|ARM64.Deploy.0 = Release|ARM64
		{DD3D3200-0227-49F1-B65C-C8D7CBE74689}.Release|x64.ActiveCfg = Release|x64
		{DD3D3200-0227-49F1-B65C-C8D7CBE74689}.Release|x64.Build.0 = Release|x64
		{DD3D3200-0227-49F1-B65C-C8D7CBE74689}.Release|x64.Deploy.0 = Release|x64
		{DD3D3200-0227-49F1-B65C-C8D7CBE74689}.Release|x86.ActiveCfg = Release|x86
		{DD3D3200-0227-49F1-B65C-C8D7CBE74689}.Release|x86.Build.0 = Release|x86
		{DD3D3200-0227-49F1-B65C-C8D7CBE74689}.Release|x86.Deploy.0 = Release|x86
		{A264DACC-DE8D-4580-969D-E48067D1F7A0}.Debug|Any CPU.ActiveCfg = Debug
		{A264DACC-DE8D-4580-969D-E48067D1F7A0}.Debug|ARM.ActiveCfg = Debug
		{A264DACC-DE8D-4580-969D-E48067D1F7A0}.Debug|ARM64.ActiveCfg = Debug
		{A264DACC-DE8D-4580-969D-E48067D1F7A0}.Debug|x64.ActiveCfg = Debug
		{A264DACC-DE8D-4580-969D-E48067D1F7A0}.Debug|x86.ActiveCfg = Debug
		{A264DACC-DE8D-4580-969D-E48067D1F7A0}.Release|Any CPU.ActiveCfg = Release
		{A264DACC-DE8D-4580-969D-E48067D1F7A0}.Release|ARM.ActiveCfg = Release
		{A264DACC-DE8D-4580-969D-E48067D1F7A0}.Release|ARM64.ActiveCfg = Release
		{A264DACC-DE8D-4580-969D-E48067D1F7A0}.Release|x64.ActiveCfg = Release
		{A264DACC-DE8D-4580-969D-E48067D1F7A0}.Release|x86.ActiveCfg = Release
	EndGlobalSection
	GlobalSection(SolutionProperties) = preSolution
		HideSolutionNode = FALSE
	EndGlobalSection
	GlobalSection(ExtensibilityGlobals) = postSolution
		SolutionGuid = {BA547622-C5B0-41A7-B54C-1CFC204C239C}
	EndGlobalSection
EndGlobal
